
Microsoft Visual Studio Solution File, Format Version 12.00
# Visual Studio 14
VisualStudioVersion = 14.0.24720.0
MinimumVisualStudioVersion = 10.0.40219.1
Project("{FAE04EC0-301F-11D3-BF4B-00C04F79EFBC}") = "GoogleMaps.Net", "GoogleMaps.Net\GoogleMaps.Net.csproj", "{3845C560-F5FB-4D93-9629-F15123FD60F9}"
EndProject
Project("{FAE04EC0-301F-11D3-BF4B-00C04F79EFBC}") = "GoogleMaps.Net.Shared", "GoogleMaps.Net.Shared\GoogleMaps.Net.Shared.csproj", "{2E48FDFC-AF17-4937-BF89-DAC71AE7CF4A}"
EndProject
Project("{FAE04EC0-301F-11D3-BF4B-00C04F79EFBC}") = "GoogleMaps.Net.Directions", "GoogleMaps.Net.Directions\GoogleMaps.Net.Directions.csproj", "{0896351B-77D4-43F3-824B-3DC9D0A48044}"
EndProject
Project("{FAE04EC0-301F-11D3-BF4B-00C04F79EFBC}") = "GoogleMaps.Net.Geolocation", "GoogleMaps.Net.Geolocation\GoogleMaps.Net.Geolocation.csproj", "{BF0C962B-B915-41CB-A207-B5F6F01427DA}"
EndProject
Project("{FAE04EC0-301F-11D3-BF4B-00C04F79EFBC}") = "GoogleMaps.Net.Places", "GoogleMaps.Net.Places\GoogleMaps.Net.Places.csproj", "{F4AD4639-B780-4D53-8E07-5EAF0AD517BF}"
EndProject
Project("{FAE04EC0-301F-11D3-BF4B-00C04F79EFBC}") = "GoogleMaps.Net.Console", "GoogleMaps.Net.Console\GoogleMaps.Net.Console.csproj", "{78F18CCF-778F-419A-B43E-955AEDB9CB4F}"
EndProject
Project("{2150E333-8FDC-42A3-9474-1A3956D46DE8}") = "Tests", "Tests", "{9882264C-2D78-452B-88F7-294BF2125C8A}"
EndProject
Global
	GlobalSection(SolutionConfigurationPlatforms) = preSolution
		Debug|Any CPU = Debug|Any CPU
		Release|Any CPU = Release|Any CPU
	EndGlobalSection
	GlobalSection(ProjectConfigurationPlatforms) = postSolution
		{3845C560-F5FB-4D93-9629-F15123FD60F9}.Debug|Any CPU.ActiveCfg = Debug|Any CPU
		{3845C560-F5FB-4D93-9629-F15123FD60F9}.Debug|Any CPU.Build.0 = Debug|Any CPU
		{3845C560-F5FB-4D93-9629-F15123FD60F9}.Release|Any CPU.ActiveCfg = Release|Any CPU
		{3845C560-F5FB-4D93-9629-F15123FD60F9}.Release|Any CPU.Build.0 = Release|Any CPU
		{2E48FDFC-AF17-4937-BF89-DAC71AE7CF4A}.Debug|Any CPU.ActiveCfg = Debug|Any CPU
		{2E48FDFC-AF17-4937-BF89-DAC71AE7CF4A}.Debug|Any CPU.Build.0 = Debug|Any CPU
		{2E48FDFC-AF17-4937-BF89-DAC71AE7CF4A}.Release|Any CPU.ActiveCfg = Release|Any CPU
		{2E48FDFC-AF17-4937-BF89-DAC71AE7CF4A}.Release|Any CPU.Build.0 = Release|Any CPU
		{0896351B-77D4-43F3-824B-3DC9D0A48044}.Debug|Any CPU.ActiveCfg = Debug|Any CPU
		{0896351B-77D4-43F3-824B-3DC9D0A48044}.Debug|Any CPU.Build.0 = Debug|Any CPU
		{0896351B-77D4-43F3-824B-3DC9D0A48044}.Release|Any CPU.ActiveCfg = Release|Any CPU
		{0896351B-77D4-43F3-824B-3DC9D0A48044}.Release|Any CPU.Build.0 = Release|Any CPU
		{BF0C962B-B915-41CB-A207-B5F6F01427DA}.Debug|Any CPU.ActiveCfg = Debug|Any CPU
		{BF0C962B-B915-41CB-A207-B5F6F01427DA}.Debug|Any CPU.Build.0 = Debug|Any CPU
		{BF0C962B-B915-41CB-A207-B5F6F01427DA}.Release|Any CPU.ActiveCfg = Release|Any CPU
		{BF0C962B-B915-41CB-A207-B5F6F01427DA}.Release|Any CPU.Build.0 = Release|Any CPU
		{F4AD4639-B780-4D53-8E07-5EAF0AD517BF}.Debug|Any CPU.ActiveCfg = Debug|Any CPU
		{F4AD4639-B780-4D53-8E07-5EAF0AD517BF}.Debug|Any CPU.Build.0 = Debug|Any CPU
		{F4AD4639-B780-4D53-8E07-5EAF0AD517BF}.Release|Any CPU.ActiveCfg = Release|Any CPU
		{F4AD4639-B780-4D53-8E07-5EAF0AD517BF}.Release|Any CPU.Build.0 = Release|Any CPU
		{78F18CCF-778F-419A-B43E-955AEDB9CB4F}.Debug|Any CPU.ActiveCfg = Debug|Any CPU
		{78F18CCF-778F-419A-B43E-955AEDB9CB4F}.Debug|Any CPU.Build.0 = Debug|Any CPU
		{78F18CCF-778F-419A-B43E-955AEDB9CB4F}.Release|Any CPU.ActiveCfg = Release|Any CPU
		{78F18CCF-778F-419A-B43E-955AEDB9CB4F}.Release|Any CPU.Build.0 = Release|Any CPU
	EndGlobalSection
	GlobalSection(SolutionProperties) = preSolution
		HideSolutionNode = FALSE
	EndGlobalSection
EndGlobal
